{
  "name": "frontend",
  "lockfileVersion": 3,
  "requires": true,
  "packages": {
    "": {
      "dependencies": {
        "@handsontable/react": "^16.1.1",
        "handsontable": "^16.1.1",
        "react-data-grid": "^7.0.0-beta.58",
        "react-tabulator": "^0.21.0",
        "tabulator-tables": "^6.3.1",
        "xlsx": "^0.18.5"
      }
    },
    "node_modules/@babel/helper-string-parser": {
      "version": "7.27.1",
      "resolved": "https://registry.npmjs.org/@babel/helper-string-parser/-/helper-string-parser-7.27.1.tgz",
      "integrity": "sha512-qMlSxKbpRlAridDExk92nSobyDdpPijUq2DW6oDnUqd0iOGxmQjyqhMIihI9+zv4LPyZdRje2cavWPbCbWm3eA==",
      "license": "MIT",
      "engines": {
        "node": ">=6.9.0"
      }
    },
    "node_modules/@babel/helper-validator-identifier": {
      "version": "7.28.5",
      "resolved": "https://registry.npmjs.org/@babel/helper-validator-identifier/-/helper-validator-identifier-7.28.5.tgz",
      "integrity": "sha512-qSs4ifwzKJSV39ucNjsvc6WVHs6b7S03sOh2OcHF9UHfVPqWWALUsNUVzhSBiItjRZoLHx7nIarVjqKVusUZ1Q==",
      "license": "MIT",
      "engines": {
        "node": ">=6.9.0"
      }
    },
    "node_modules/@babel/types": {
      "version": "7.28.5",
      "resolved": "https://registry.npmjs.org/@babel/types/-/types-7.28.5.tgz",
      "integrity": "sha512-qQ5m48eI/MFLQ5PxQj4PFaprjyCTLI37ElWMmNs0K8Lk3dVeOdNpB3ks8jc7yM5CDmVC73eMVk/trk3fgmrUpA==",
      "license": "MIT",
      "dependencies": {
        "@babel/helper-string-parser": "^7.27.1",
        "@babel/helper-validator-identifier": "^7.28.5"
      },
      "engines": {
        "node": ">=6.9.0"
      }
    },
    "node_modules/@handsontable/pikaday": {
      "version": "1.0.0",
      "resolved": "https://registry.npmjs.org/@handsontable/pikaday/-/pikaday-1.0.0.tgz",
      "integrity": "sha512-1VN6N38t5/DcjJ7y7XUYrDx1LuzvvzlrFdBdMG90Qo1xc8+LXHqbWbsTEm5Ec5gXTEbDEO53vUT35R+2COmOyg==",
      "license": "(0BSD OR MIT)"
    },
    "node_modules/@handsontable/react": {
      "version": "16.1.1",
      "resolved": "https://registry.npmjs.org/@handsontable/react/-/react-16.1.1.tgz",
      "integrity": "sha512-PexesDmY1Ikuf+aT8WssmakEVyF/ZVyqF7cZdj8cH8ghgln2OmYY7Y1XuJjK2YGKigOBDTm8Fx+ZdG3w2gHfDQ==",
      "deprecated": "Handsontable for React is now available as @handsontable/react-wrapper.",
      "license": "SEE LICENSE IN LICENSE.txt",
      "peerDependencies": {
        "handsontable": ">=16.0.0"
      }
    },
    "node_modules/@types/babel__traverse": {
      "version": "7.28.0",
      "resolved": "https://registry.npmjs.org/@types/babel__traverse/-/babel__traverse-7.28.0.tgz",
      "integrity": "sha512-8PvcXf70gTDZBgt9ptxJ8elBeBjcLOAcOtoO/mPJjtji1+CdGbHgm77om1GrsPxsiE+uXIpNSK64UYaIwQXd4Q==",
      "license": "MIT",
      "dependencies": {
        "@babel/types": "^7.28.2"
      }
    },
    "node_modules/@types/react": {
      "version": "19.2.7",
      "resolved": "https://registry.npmjs.org/@types/react/-/react-19.2.7.tgz",
      "integrity": "sha512-MWtvHrGZLFttgeEj28VXHxpmwYbor/ATPYbBfSFZEIRK0ecCFLl2Qo55z52Hss+UV9CRN7trSeq1zbgx7YDWWg==",
      "license": "MIT",
      "dependencies": {
        "csstype": "^3.2.2"
      }
    },
    "node_modules/@types/react-tag-autocomplete": {
      "version": "5.12.6",
      "resolved": "https://registry.npmjs.org/@types/react-tag-autocomplete/-/react-tag-autocomplete-5.12.6.tgz",
      "integrity": "sha512-7TH9bghG+O3fwiyUrpriUs9wrOs744ilay+omshoH9ZzzDOSrNDoGmE0SfFtsxxOe5si93riFc3KHCptzzNQFQ==",
      "license": "MIT",
      "dependencies": {
        "@types/react": "*"
      }
    },
    "node_modules/@types/trusted-types": {
      "version": "2.0.7",
      "resolved": "https://registry.npmjs.org/@types/trusted-types/-/trusted-types-2.0.7.tgz",
      "integrity": "sha512-ScaPdn1dQczgbl0QFTeTOmVHFULt394XJgOQNoyVhZ6r2vLnMLJfBPd53SB52T/3G36VI1/g2MZaX0cwDuXsfw==",
      "license": "MIT",
      "optional": true
    },
    "node_modules/adler-32": {
      "version": "1.3.1",
      "resolved": "https://registry.npmjs.org/adler-32/-/adler-32-1.3.1.tgz",
      "integrity": "sha512-ynZ4w/nUUv5rrsR8UUGoe1VC9hZj6V5hU9Qw1HlMDJGEJw5S7TfTErWTjMys6M7vr0YWcPqs3qAr4ss0nDfP+A==",
      "license": "Apache-2.0",
      "engines": {
        "node": ">=0.8"
      }
    },
    "node_modules/bignumber.js": {
      "version": "9.3.1",
      "resolved": "https://registry.npmjs.org/bignumber.js/-/bignumber.js-9.3.1.tgz",
      "integrity": "sha512-Ko0uX15oIUS7wJ3Rb30Fs6SkVbLmPBAKdlm7q9+ak9bbIeFf0MwuBsQV6z7+X768/cHsfg+WlysDWJcmthjsjQ==",
      "license": "MIT",
      "engines": {
        "node": "*"
      }
    },
    "node_modules/cfb": {
      "version": "1.2.2",
      "resolved": "https://registry.npmjs.org/cfb/-/cfb-1.2.2.tgz",
      "integrity": "sha512-KfdUZsSOw19/ObEWasvBP/Ac4reZvAGauZhs6S/gqNhXhI7cKwvlH7ulj+dOEYnca4bm4SGo8C1bTAQvnTjgQA==",
      "license": "Apache-2.0",
      "dependencies": {
        "adler-32": "~1.3.0",
        "crc-32": "~1.2.0"
      },
      "engines": {
        "node": ">=0.8"
      }
    },
    "node_modules/chevrotain": {
      "version": "6.5.0",
      "resolved": "https://registry.npmjs.org/chevrotain/-/chevrotain-6.5.0.tgz",
      "integrity": "sha512-BwqQ/AgmKJ8jcMEjaSnfMybnKMgGTrtDKowfTP3pX4jwVy0kNjRsT/AP6h+wC3+3NC+X8X15VWBnTCQlX+wQFg==",
      "license": "Apache-2.0",
      "optional": true,
      "dependencies": {
        "regexp-to-ast": "0.4.0"
      }
    },
    "node_modules/codepage": {
      "version": "1.15.0",
      "resolved": "https://registry.npmjs.org/codepage/-/codepage-1.15.0.tgz",
      "integrity": "sha512-3g6NUTPd/YtuuGrhMnOMRjFc+LJw/bnMp3+0r/Wcz3IXUuCosKRJvMphm5+Q+bvTVGcJJuRvVLuYba+WojaFaA==",
      "license": "Apache-2.0",
      "engines": {
        "node": ">=0.8"
      }
    },
    "node_modules/core-js": {
      "version": "3.47.0",
      "resolved": "https://registry.npmjs.org/core-js/-/core-js-3.47.0.tgz",
      "integrity": "sha512-c3Q2VVkGAUyupsjRnaNX6u8Dq2vAdzm9iuPj5FW0fRxzlxgq9Q39MDq10IvmQSpLgHQNyQzQmOo6bgGHmH3NNg==",
      "hasInstallScript": true,
      "license": "MIT",
      "funding": {
        "type": "opencollective",
        "url": "https://opencollective.com/core-js"
      }
    },
    "node_modules/crc-32": {
      "version": "1.2.2",
      "resolved": "https://registry.npmjs.org/crc-32/-/crc-32-1.2.2.tgz",
      "integrity": "sha512-ROmzCKrTnOwybPcJApAA6WBWij23HVfGVNKqqrZpuyZOHqK2CwHSvpGuyt/UNNvaIjEd8X5IFGp4Mh+Ie1IHJQ==",
      "license": "Apache-2.0",
      "bin": {
        "crc32": "bin/crc32.njs"
      },
      "engines": {
        "node": ">=0.8"
      }
    },
    "node_modules/csstype": {
      "version": "3.2.3",
      "resolved": "https://registry.npmjs.org/csstype/-/csstype-3.2.3.tgz",
      "integrity": "sha512-z1HGKcYy2xA8AGQfwrn0PAy+PB7X/GSj3UVJW9qKyn43xWa+gl5nXmU4qqLMRzWVLFC8KusUX8T/0kCiOYpAIQ==",
      "license": "MIT"
    },
    "node_modules/dompurify": {
      "version": "3.3.0",
      "resolved": "https://registry.npmjs.org/dompurify/-/dompurify-3.3.0.tgz",
      "integrity": "sha512-r+f6MYR1gGN1eJv0TVQbhA7if/U7P87cdPl3HN5rikqaBSBxLiCb/b9O+2eG0cxz0ghyU+mU1QkbsOwERMYlWQ==",
      "license": "(MPL-2.0 OR Apache-2.0)",
      "optionalDependencies": {
        "@types/trusted-types": "^2.0.7"
      }
    },
    "node_modules/dotenv": {
      "version": "16.6.1",
      "resolved": "https://registry.npmjs.org/dotenv/-/dotenv-16.6.1.tgz",
      "integrity": "sha512-uBq4egWHTcTt33a72vpSG0z3HnPuIl6NqYcTrKEg2azoEyl2hpW0zqlxysq2pK9HlDIHyHyakeYaYnSAwd8bow==",
      "license": "BSD-2-Clause",
      "engines": {
        "node": ">=12"
      },
      "funding": {
        "url": "https://dotenvx.com"
      }
    },
    "node_modules/frac": {
      "version": "1.1.2",
      "resolved": "https://registry.npmjs.org/frac/-/frac-1.1.2.tgz",
      "integrity": "sha512-w/XBfkibaTl3YDqASwfDUqkna4Z2p9cFSr1aHDt0WoMTECnRfBOv2WArlZILlqgWlmdIlALXGpM2AOhEk5W3IA==",
      "license": "Apache-2.0",
      "engines": {
        "node": ">=0.8"
      }
    },
    "node_modules/handsontable": {
      "version": "16.1.1",
      "resolved": "https://registry.npmjs.org/handsontable/-/handsontable-16.1.1.tgz",
      "integrity": "sha512-dZEnAR8osq1/3SwB0g3glqGN2SBsOlxiu5p4VyHAQoNpnr/cj31m948iEiog3fiGSpwvQefj/Mfp8oW7Nrxxtg==",
      "license": "SEE LICENSE IN LICENSE.txt",
      "dependencies": {
        "@handsontable/pikaday": "^1.0.0",
        "core-js": "^3.37.0",
        "dompurify": "^3.1.7",
        "moment": "2.30.1",
        "numbro": "2.5.0"
      },
      "optionalDependencies": {
        "hyperformula": "^3.0.0"
      }
    },
    "node_modules/html-attributes": {
      "version": "1.1.0",
      "resolved": "https://registry.npmjs.org/html-attributes/-/html-attributes-1.1.0.tgz",
      "integrity": "sha512-reT/KK6Ju+DZqAbAn3sIkpMH+658kEsaEjpNrej2O5XSUsH5SzVHX7NGZk5RiZcVi7l+RsV+5q3C6TqM5vxsVA==",
      "engines": {
        "node": ">= 0.10.26",
        "npm": ">=1.4.3"
      }
    },
    "node_modules/hyperformula": {
      "version": "3.1.0",
      "resolved": "https://registry.npmjs.org/hyperformula/-/hyperformula-3.1.0.tgz",
      "integrity": "sha512-zlAESfaIYWq5Hwo+VS3CkJzIRxCPgQKy6fIAMP5g0VXTyfIW2X8wBjNV4s+0qd0BVJJmu2gUFLy3cl8bN4R8yw==",
      "license": "GPL-3.0-only",
      "optional": true,
      "dependencies": {
        "chevrotain": "^6.5.0",
        "tiny-emitter": "^2.1.0"
      }
    },
    "node_modules/lodash.isplainobject": {
      "version": "4.0.6",
      "resolved": "https://registry.npmjs.org/lodash.isplainobject/-/lodash.isplainobject-4.0.6.tgz",
      "integrity": "sha512-oSXzaWypCMHkPC3NvBEaPHf0KsA5mvPrOPgQWDsbg8n7orZ290M0BmC/jgRZ4vcJ6DTAhjrsSYgdsW/F+MFOBA==",
      "license": "MIT"
    },
    "node_modules/moment": {
      "version": "2.30.1",
      "resolved": "https://registry.npmjs.org/moment/-/moment-2.30.1.tgz",
      "integrity": "sha512-uEmtNhbDOrWPFS+hdjFCBfy9f2YoyzRpwcl+DqpC6taX21FzsTLQVbMV/W7PzNSX6x/bhC1zA3c2UQ5NzH6how==",
      "license": "MIT",
      "engines": {
        "node": "*"
      }
    },
    "node_modules/numbro": {
      "version": "2.5.0",
      "resolved": "https://registry.npmjs.org/numbro/-/numbro-2.5.0.tgz",
      "integrity": "sha512-xDcctDimhzko/e+y+Q2/8i3qNC9Svw1QgOkSkQoO0kIPI473tR9QRbo2KP88Ty9p8WbPy+3OpTaAIzehtuHq+A==",
      "license": "MIT",
      "dependencies": {
        "bignumber.js": "^8 || ^9"
      },
      "engines": {
        "node": "*"
      }
    },
    "node_modules/pick-react-known-prop": {
      "version": "0.1.5",
      "resolved": "https://registry.npmjs.org/pick-react-known-prop/-/pick-react-known-prop-0.1.5.tgz",
      "integrity": "sha512-SnDf64AVdvqoAFpHeZUKT9kdn40Ellj84CPALRxYWqNJ6r6f44eAAT+Jtkb0Suhiw7yg5BdOFAQ25OJnjG+afw==",
      "license": "ISC",
      "dependencies": {
        "html-attributes": "^1.1.0",
        "lodash.isplainobject": "^4.0.6",
        "svg-attributes": "^1.0.0"
      }
    },
    "node_modules/react-data-grid": {
      "version": "7.0.0-beta.58",
      "resolved": "https://registry.npmjs.org/react-data-grid/-/react-data-grid-7.0.0-beta.58.tgz",
      "integrity": "sha512-ND7BsMOJRF/KHUeKU465AmmofoKruQFTe+3GaACiHja1ytd9+lh4ODn0oXPgm/deJgmAXJVORv+fMSXlk4OVTQ==",
      "license": "MIT",
      "peerDependencies": {
        "react": "^19.2",
        "react-dom": "^19.2"
      }
    },
    "node_modules/react-tabulator": {
      "version": "0.21.0",
      "resolved": "https://registry.npmjs.org/react-tabulator/-/react-tabulator-0.21.0.tgz",
      "integrity": "sha512-CMsxG3hRDay+sXt1RBdmeslQnXLtrHN8PtM0TiN6I15pJ/xIt+x8Vt9nWPm76BD22hucMuw/RHmaoRaoA2xOMQ==",
      "license": "MIT",
      "dependencies": {
        "@types/babel__traverse": "^7.17.1",
        "@types/react-tag-autocomplete": "^5.6.0",
        "dotenv": "^16.3.1",
        "pick-react-known-prop": "^0.1.5",
        "react-tag-autocomplete": "^5.7.1",
        "tabulator-tables": "5.6.1"
      },
      "peerDependencies": {
        "react": ">=15.6.2 || ^16.0.0 || ^17.0.0",
        "react-dom": ">=15.6.2 || ^16.0.0 || ^17.0.0"
      }
    },
    "node_modules/react-tabulator/node_modules/tabulator-tables": {
      "version": "5.6.1",
      "resolved": "https://registry.npmjs.org/tabulator-tables/-/tabulator-tables-5.6.1.tgz",
      "integrity": "sha512-DsmaZqEmlQS/NL5ZJbVtoaeYjJgofEFp+2er7+uwKerGwd/E2rZbeQgux4+Ab1dxNJcbptiX7oUiTwogOnUdgQ==",
      "license": "MIT"
    },
    "node_modules/react-tag-autocomplete": {
      "version": "5.13.1",
      "resolved": "https://registry.npmjs.org/react-tag-autocomplete/-/react-tag-autocomplete-5.13.1.tgz",
      "integrity": "sha512-ECcQnizAxw8VnEDUfCKuA2ZDQ0Fyxds3kVtE4NVAhJvBYOMMgkRNAM3UwyEXAQ0h7nnCwmIA+czJiwso07Mrqw==",
      "license": "MIT",
      "peerDependencies": {
        "prop-types": "^15.0.0",
        "react": "^15.0.0 || ^16.0.0",
        "react-dom": "^15.0.0 || ^16.0.0"
      }
    },
    "node_modules/regexp-to-ast": {
      "version": "0.4.0",
      "resolved": "https://registry.npmjs.org/regexp-to-ast/-/regexp-to-ast-0.4.0.tgz",
      "integrity": "sha512-4qf/7IsIKfSNHQXSwial1IFmfM1Cc/whNBQqRwe0V2stPe7KmN1U0tWQiIx6JiirgSrisjE0eECdNf7Tav1Ntw==",
      "license": "MIT",
      "optional": true
    },
    "node_modules/ssf": {
      "version": "0.11.2",
      "resolved": "https://registry.npmjs.org/ssf/-/ssf-0.11.2.tgz",
      "integrity": "sha512-+idbmIXoYET47hH+d7dfm2epdOMUDjqcB4648sTZ+t2JwoyBFL/insLfB/racrDmsKB3diwsDA696pZMieAC5g==",
      "license": "Apache-2.0",
      "dependencies": {
        "frac": "~1.1.2"
      },
      "engines": {
        "node": ">=0.8"
      }
    },
    "node_modules/svg-attributes": {
      "version": "1.0.0",
      "resolved": "https://registry.npmjs.org/svg-attributes/-/svg-attributes-1.0.0.tgz",
      "integrity": "sha512-opDCROGf0kXDKJFg0so8Ydg2jewgaWRuF/35Xxuqox54Rg12rR7pLnRaru06NfJ5WCxjUSRjT5AGcikxMmzG6g==",
      "engines": {
        "node": ">= 0.10.26",
        "npm": ">=1.4.3"
      }
    },
    "node_modules/tabulator-tables": {
      "version": "6.3.1",
      "resolved": "https://registry.npmjs.org/tabulator-tables/-/tabulator-tables-6.3.1.tgz",
      "integrity": "sha512-qFW7kfadtcaISQIibKAIy0f3eeIXUVi8242Vly1iJfMD79kfEGzfczNuPBN/80hDxHzQJXYbmJ8VipI40hQtfA==",
      "license": "MIT"
    },
    "node_modules/tiny-emitter": {
      "version": "2.1.0",
      "resolved": "https://registry.npmjs.org/tiny-emitter/-/tiny-emitter-2.1.0.tgz",
      "integrity": "sha512-NB6Dk1A9xgQPMoGqC5CVXn123gWyte215ONT5Pp5a0yt4nlEoO1ZWeCwpncaekPHXO60i47ihFnZPiRPjRMq4Q==",
      "license": "MIT",
      "optional": true
    },
    "node_modules/wmf": {
      "version": "1.0.2",
      "resolved": "https://registry.npmjs.org/wmf/-/wmf-1.0.2.tgz",
      "integrity": "sha512-/p9K7bEh0Dj6WbXg4JG0xvLQmIadrner1bi45VMJTfnbVHsc7yIajZyoSoK60/dtVBs12Fm6WkUI5/3WAVsNMw==",
      "license": "Apache-2.0",
      "engines": {
        "node": ">=0.8"
      }
    },
    "node_modules/word": {
      "version": "0.3.0",
      "resolved": "https://registry.npmjs.org/word/-/word-0.3.0.tgz",
      "integrity": "sha512-OELeY0Q61OXpdUfTp+oweA/vtLVg5VDOXh+3he3PNzLGG/y0oylSOC1xRVj0+l4vQ3tj/bB1HVHv1ocXkQceFA==",
      "license": "Apache-2.0",
      "engines": {
        "node": ">=0.8"
      }
    },
    "node_modules/xlsx": {
      "version": "0.18.5",
      "resolved": "https://registry.npmjs.org/xlsx/-/xlsx-0.18.5.tgz",
      "integrity": "sha512-dmg3LCjBPHZnQp5/F/+nnTa+miPJxUXB6vtk42YjBBKayDNagxGEeIdWApkYPOf3Z3pm3k62Knjzp7lMeTEtFQ==",
      "license": "Apache-2.0",
      "dependencies": {
        "adler-32": "~1.3.0",
        "cfb": "~1.2.1",
        "codepage": "~1.15.0",
        "crc-32": "~1.2.1",
        "ssf": "~0.11.2",
        "wmf": "~1.0.1",
        "word": "~0.3.0"
      },
      "bin": {
        "xlsx": "bin/xlsx.njs"
      },
      "engines": {
        "node": ">=0.8"
      }
    }
  }
}
